
Microsoft Visual Studio Solution File, Format Version 12.00
# Visual Studio Version 16
VisualStudioVersion = 16.0.29001.49
MinimumVisualStudioVersion = 10.0.40219.1
Project("{FAE04EC0-301F-11D3-BF4B-00C04F79EFBC}") = "Footballize.Data", "Footballize.Data\Footballize.Data.csproj", "{026E7D97-7AFA-4F2D-8B0E-A9EFD1CA951C}"
EndProject
Project("{FAE04EC0-301F-11D3-BF4B-00C04F79EFBC}") = "Footballize.Models", "Footballize.Models\Footballize.Models.csproj", "{CF4A7C10-F412-4D22-9EA8-31C79A991270}"
EndProject
Global
	GlobalSection(SolutionConfigurationPlatforms) = preSolution
		Debug|Any CPU = Debug|Any CPU
		Release|Any CPU = Release|Any CPU
	EndGlobalSection
	GlobalSection(ProjectConfigurationPlatforms) = postSolution
		{026E7D97-7AFA-4F2D-8B0E-A9EFD1CA951C}.Debug|Any CPU.ActiveCfg = Debug|Any CPU
		{026E7D97-7AFA-4F2D-8B0E-A9EFD1CA951C}.Debug|Any CPU.Build.0 = Debug|Any CPU
		{026E7D97-7AFA-4F2D-8B0E-A9EFD1CA951C}.Release|Any CPU.ActiveCfg = Release|Any CPU
		{026E7D97-7AFA-4F2D-8B0E-A9EFD1CA951C}.Release|Any CPU.Build.0 = Release|Any CPU
		{CF4A7C10-F412-4D22-9EA8-31C79A991270}.Debug|Any CPU.ActiveCfg = Debug|Any CPU
		{CF4A7C10-F412-4D22-9EA8-31C79A991270}.Debug|Any CPU.Build.0 = Debug|Any CPU
		{CF4A7C10-F412-4D22-9EA8-31C79A991270}.Release|Any CPU.ActiveCfg = Release|Any CPU
		{CF4A7C10-F412-4D22-9EA8-31C79A991270}.Release|Any CPU.Build.0 = Release|Any CPU
	EndGlobalSection
	GlobalSection(SolutionProperties) = preSolution
		HideSolutionNode = FALSE
	EndGlobalSection
	GlobalSection(ExtensibilityGlobals) = postSolution
		SolutionGuid = {FB09DB42-C165-47B5-B6BC-F678FB2E6260}
	EndGlobalSection
EndGlobal
